// !$*UTF8*$!
{
	archiveVersion = 1;
	classes = {
	};
	objectVersion = 56;
	objects = {

/* Begin PBXBuildFile section */
		04129E422AAEC6A900ACCA1D /* HypertensionView.swift in Sources */ = {isa = PBXBuildFile; fileRef = 04129E412AAEC6A900ACCA1D /* HypertensionView.swift */; };
		04157EEB2AA0689000C44D5B /* MenuView.swift in Sources */ = {isa = PBXBuildFile; fileRef = 04157EEA2AA0689000C44D5B /* MenuView.swift */; };
		044A74C32AAB1FE100ACA736 /* BMIView.swift in Sources */ = {isa = PBXBuildFile; fileRef = 044A74C22AAB1FE100ACA736 /* BMIView.swift */; };
		045C4FA12AAF0B8F0093E8CB /* HyperglycemiaView.swift in Sources */ = {isa = PBXBuildFile; fileRef = 045C4FA02AAF0B8F0093E8CB /* HyperglycemiaView.swift */; };
		045C4FA32AAF10E10093E8CB /* HyperlipidemiaView.swift in Sources */ = {isa = PBXBuildFile; fileRef = 045C4FA22AAF10E10093E8CB /* HyperlipidemiaView.swift */; };
		045C4FA52AAF1C210093E8CB /* Recipe.swift in Sources */ = {isa = PBXBuildFile; fileRef = 045C4FA42AAF1C210093E8CB /* Recipe.swift */; };
		0493EE492A9349BD00180221 /* TagButton.swift in Sources */ = {isa = PBXBuildFile; fileRef = 0493EE482A9349BD00180221 /* TagButton.swift */; };
		0493EE502A95F91200180221 /* Information.swift in Sources */ = {isa = PBXBuildFile; fileRef = 0493EE4F2A95F91200180221 /* Information.swift */; };
		0493EE682A972D5800180221 /* Healthy.swift in Sources */ = {isa = PBXBuildFile; fileRef = 0493EE672A972D5800180221 /* Healthy.swift */; };
		0493EE6A2A972D8F00180221 /* HealthyView.swift in Sources */ = {isa = PBXBuildFile; fileRef = 0493EE692A972D8F00180221 /* HealthyView.swift */; };
		0493EE6C2A9749CD00180221 /* BMIiiiView.swift in Sources */ = {isa = PBXBuildFile; fileRef = 0493EE6B2A9749CD00180221 /* BMIiiiView.swift */; };
		0493EE722A98415E00180221 /* FirebaseAnalytics in Frameworks */ = {isa = PBXBuildFile; productRef = 0493EE712A98415E00180221 /* FirebaseAnalytics */; };
		0493EE742A98415E00180221 /* FirebaseAnalyticsOnDeviceConversion in Frameworks */ = {isa = PBXBuildFile; productRef = 0493EE732A98415E00180221 /* FirebaseAnalyticsOnDeviceConversion */; };
		0493EE762A98415E00180221 /* FirebaseAnalyticsSwift in Frameworks */ = {isa = PBXBuildFile; productRef = 0493EE752A98415E00180221 /* FirebaseAnalyticsSwift */; };
		0493EE782A98415E00180221 /* FirebaseAnalyticsWithoutAdIdSupport in Frameworks */ = {isa = PBXBuildFile; productRef = 0493EE772A98415E00180221 /* FirebaseAnalyticsWithoutAdIdSupport */; };
		0493EE7A2A98415E00180221 /* FirebaseAppCheck in Frameworks */ = {isa = PBXBuildFile; productRef = 0493EE792A98415E00180221 /* FirebaseAppCheck */; };
		0493EE7C2A98415E00180221 /* FirebaseAppDistribution-Beta in Frameworks */ = {isa = PBXBuildFile; productRef = 0493EE7B2A98415E00180221 /* FirebaseAppDistribution-Beta */; };
		0493EE7E2A98415E00180221 /* FirebaseAuth in Frameworks */ = {isa = PBXBuildFile; productRef = 0493EE7D2A98415E00180221 /* FirebaseAuth */; };
		0493EE802A98415E00180221 /* FirebaseAuthCombine-Community in Frameworks */ = {isa = PBXBuildFile; productRef = 0493EE7F2A98415E00180221 /* FirebaseAuthCombine-Community */; };
		0493EE822A98415E00180221 /* FirebaseCrashlytics in Frameworks */ = {isa = PBXBuildFile; productRef = 0493EE812A98415E00180221 /* FirebaseCrashlytics */; };
		0493EE842A98415E00180221 /* FirebaseDatabase in Frameworks */ = {isa = PBXBuildFile; productRef = 0493EE832A98415E00180221 /* FirebaseDatabase */; };
		0493EE862A98415E00180221 /* FirebaseDatabaseSwift in Frameworks */ = {isa = PBXBuildFile; productRef = 0493EE852A98415E00180221 /* FirebaseDatabaseSwift */; };
		0493EE882A98415E00180221 /* FirebaseDynamicLinks in Frameworks */ = {isa = PBXBuildFile; productRef = 0493EE872A98415E00180221 /* FirebaseDynamicLinks */; };
		0493EE8A2A98415E00180221 /* FirebaseFirestore in Frameworks */ = {isa = PBXBuildFile; productRef = 0493EE892A98415E00180221 /* FirebaseFirestore */; };
		0493EE8C2A98415E00180221 /* FirebaseFirestoreCombine-Community in Frameworks */ = {isa = PBXBuildFile; productRef = 0493EE8B2A98415E00180221 /* FirebaseFirestoreCombine-Community */; };
		0493EE8E2A98415E00180221 /* FirebaseFirestoreSwift in Frameworks */ = {isa = PBXBuildFile; productRef = 0493EE8D2A98415E00180221 /* FirebaseFirestoreSwift */; };
		0493EE902A98415E00180221 /* FirebaseFunctions in Frameworks */ = {isa = PBXBuildFile; productRef = 0493EE8F2A98415E00180221 /* FirebaseFunctions */; };
		0493EE922A98415E00180221 /* FirebaseFunctionsCombine-Community in Frameworks */ = {isa = PBXBuildFile; productRef = 0493EE912A98415E00180221 /* FirebaseFunctionsCombine-Community */; };
		0493EE942A98415E00180221 /* FirebaseInAppMessaging-Beta in Frameworks */ = {isa = PBXBuildFile; productRef = 0493EE932A98415E00180221 /* FirebaseInAppMessaging-Beta */; };
		0493EE962A98415E00180221 /* FirebaseInAppMessagingSwift-Beta in Frameworks */ = {isa = PBXBuildFile; productRef = 0493EE952A98415E00180221 /* FirebaseInAppMessagingSwift-Beta */; };
		0493EE982A98415E00180221 /* FirebaseInstallations in Frameworks */ = {isa = PBXBuildFile; productRef = 0493EE972A98415E00180221 /* FirebaseInstallations */; };
		0493EE9A2A98415E00180221 /* FirebaseMLModelDownloader in Frameworks */ = {isa = PBXBuildFile; productRef = 0493EE992A98415E00180221 /* FirebaseMLModelDownloader */; };
		0493EE9C2A98415E00180221 /* FirebaseMessaging in Frameworks */ = {isa = PBXBuildFile; productRef = 0493EE9B2A98415E00180221 /* FirebaseMessaging */; };
		0493EE9E2A98415E00180221 /* FirebasePerformance in Frameworks */ = {isa = PBXBuildFile; productRef = 0493EE9D2A98415E00180221 /* FirebasePerformance */; };
		0493EEA02A98415E00180221 /* FirebaseRemoteConfig in Frameworks */ = {isa = PBXBuildFile; productRef = 0493EE9F2A98415E00180221 /* FirebaseRemoteConfig */; };
		0493EEA22A98415E00180221 /* FirebaseRemoteConfigSwift in Frameworks */ = {isa = PBXBuildFile; productRef = 0493EEA12A98415E00180221 /* FirebaseRemoteConfigSwift */; };
		0493EEA42A98415E00180221 /* FirebaseStorage in Frameworks */ = {isa = PBXBuildFile; productRef = 0493EEA32A98415E00180221 /* FirebaseStorage */; };
		0493EEA62A98415E00180221 /* FirebaseStorageCombine-Community in Frameworks */ = {isa = PBXBuildFile; productRef = 0493EEA52A98415E00180221 /* FirebaseStorageCombine-Community */; };
		0493EEAA2A98447A00180221 /* GoogleService-Info.plist in Resources */ = {isa = PBXBuildFile; fileRef = 0493EEA92A98447A00180221 /* GoogleService-Info.plist */; };
		04A3444D2AA9637300F70DF2 /* ForumView.swift in Sources */ = {isa = PBXBuildFile; fileRef = 04A3444C2AA9637300F70DF2 /* ForumView.swift */; };
		04A3447B2AA9B28500F70DF2 /* MyView.swift in Sources */ = {isa = PBXBuildFile; fileRef = 04A3447A2AA9B28500F70DF2 /* MyView.swift */; };
		04A3447E2AA9B38100F70DF2 /* CameraManagerTypes.swift in Sources */ = {isa = PBXBuildFile; fileRef = 04A3447D2AA9B38100F70DF2 /* CameraManagerTypes.swift */; };
		04A344802AA9B39C00F70DF2 /* CameraManager.swift in Sources */ = {isa = PBXBuildFile; fileRef = 04A3447F2AA9B39C00F70DF2 /* CameraManager.swift */; };
		04A344822AA9B3A800F70DF2 /* CameraManagerViewModel.swift in Sources */ = {isa = PBXBuildFile; fileRef = 04A344812AA9B3A800F70DF2 /* CameraManagerViewModel.swift */; };
		04A344892AA9B3B400F70DF2 /* CameraPreviewView.swift in Sources */ = {isa = PBXBuildFile; fileRef = 04A344832AA9B3B400F70DF2 /* CameraPreviewView.swift */; };
		04A3448A2AA9B3B400F70DF2 /* CustomVideoPlayer.swift in Sources */ = {isa = PBXBuildFile; fileRef = 04A344842AA9B3B400F70DF2 /* CustomVideoPlayer.swift */; };
		04A3448C2AA9B3B400F70DF2 /* CapturedPreviewOverlay.swift in Sources */ = {isa = PBXBuildFile; fileRef = 04A344862AA9B3B400F70DF2 /* CapturedPreviewOverlay.swift */; };
		04A3448D2AA9B3B400F70DF2 /* CameraOveraly.swift in Sources */ = {isa = PBXBuildFile; fileRef = 04A344872AA9B3B400F70DF2 /* CameraOveraly.swift */; };
		04A344912AA9B41E00F70DF2 /* CameraManagerTests.swift in Sources */ = {isa = PBXBuildFile; fileRef = 04A344902AA9B41E00F70DF2 /* CameraManagerTests.swift */; };
		04A344942AA9B46100F70DF2 /* CameraContentView.swift in Sources */ = {isa = PBXBuildFile; fileRef = 04A344932AA9B46100F70DF2 /* CameraContentView.swift */; };
		04A4C95C2A8E1EC9000D7C8C /* LoginView.swift in Sources */ = {isa = PBXBuildFile; fileRef = 04A4C95B2A8E1EC9000D7C8C /* LoginView.swift */; };
		04A4C9622A8F08CF000D7C8C /* SigninView.swift in Sources */ = {isa = PBXBuildFile; fileRef = 04A4C9612A8F08CF000D7C8C /* SigninView.swift */; };
		04A4C9642A91AA44000D7C8C /* FavoriteView.swift in Sources */ = {isa = PBXBuildFile; fileRef = 04A4C9632A91AA44000D7C8C /* FavoriteView.swift */; };
		04A4C9662A91AA6B000D7C8C /* ForgetPasswordView.swift in Sources */ = {isa = PBXBuildFile; fileRef = 04A4C9652A91AA6B000D7C8C /* ForgetPasswordView.swift */; };
		04A4C9682A91AA88000D7C8C /* HomeView.swift in Sources */ = {isa = PBXBuildFile; fileRef = 04A4C9672A91AA88000D7C8C /* HomeView.swift */; };
		04A4C9752A91BBCB000D7C8C /* MyDataView.swift in Sources */ = {isa = PBXBuildFile; fileRef = 04A4C9742A91BBCB000D7C8C /* MyDataView.swift */; };
		04A4C9792A92F5EB000D7C8C /* View.swift in Sources */ = {isa = PBXBuildFile; fileRef = 04A4C9782A92F5EB000D7C8C /* View.swift */; };
		04A4C97E2A95AD51000D7C8C /* Assets.xcassets in Resources */ = {isa = PBXBuildFile; fileRef = 04A4C97D2A95AD51000D7C8C /* Assets.xcassets */; };
		04A4C9862A95E6D2000D7C8C /* MemberButton.swift in Sources */ = {isa = PBXBuildFile; fileRef = 04A4C9852A95E6D2000D7C8C /* MemberButton.swift */; };
		04A4D0572A8E118D0050A5C4 /* Graduation_ProjectApp.swift in Sources */ = {isa = PBXBuildFile; fileRef = 04A4D0562A8E118D0050A5C4 /* Graduation_ProjectApp.swift */; };
		04A4D0592A8E118D0050A5C4 /* ContentView.swift in Sources */ = {isa = PBXBuildFile; fileRef = 04A4D0582A8E118D0050A5C4 /* ContentView.swift */; };
		04A4D05B2A8E118F0050A5C4 /* camera.xcassets in Resources */ = {isa = PBXBuildFile; fileRef = 04A4D05A2A8E118F0050A5C4 /* camera.xcassets */; };
		04A4D05E2A8E118F0050A5C4 /* body.xcassets in Resources */ = {isa = PBXBuildFile; fileRef = 04A4D05D2A8E118F0050A5C4 /* body.xcassets */; };
		04C7308B2A9D850100BAF806 /* BodyView.swift in Sources */ = {isa = PBXBuildFile; fileRef = 04C7308A2A9D850100BAF806 /* BodyView.swift */; };
		04C7308D2A9DAA7000BAF806 /* InformationLabel.swift in Sources */ = {isa = PBXBuildFile; fileRef = 04C7308C2A9DAA7000BAF806 /* InformationLabel.swift */; };
		04C7308F2A9EEB7800BAF806 /* MyrecipeView.swift in Sources */ = {isa = PBXBuildFile; fileRef = 04C7308E2A9EEB7800BAF806 /* MyrecipeView.swift */; };
		04F88ECB2AB038210042C110 /* SearchView.swift in Sources */ = {isa = PBXBuildFile; fileRef = 04F88ECA2AB038210042C110 /* SearchView.swift */; };
		04F88ECD2AB4180C0042C110 /* SpinnerView.swift in Sources */ = {isa = PBXBuildFile; fileRef = 04F88ECC2AB4180C0042C110 /* SpinnerView.swift */; };
/* End PBXBuildFile section */

/* Begin PBXFileReference section */
		04129E412AAEC6A900ACCA1D /* HypertensionView.swift */ = {isa = PBXFileReference; fileEncoding = 4; lastKnownFileType = sourcecode.swift; path = HypertensionView.swift; sourceTree = "<group>"; };
		04157EEA2AA0689000C44D5B /* MenuView.swift */ = {isa = PBXFileReference; lastKnownFileType = sourcecode.swift; path = MenuView.swift; sourceTree = "<group>"; };
		044A74C22AAB1FE100ACA736 /* BMIView.swift */ = {isa = PBXFileReference; lastKnownFileType = sourcecode.swift; path = BMIView.swift; sourceTree = "<group>"; };
		045C4FA02AAF0B8F0093E8CB /* HyperglycemiaView.swift */ = {isa = PBXFileReference; lastKnownFileType = sourcecode.swift; path = HyperglycemiaView.swift; sourceTree = "<group>"; };
		045C4FA22AAF10E10093E8CB /* HyperlipidemiaView.swift */ = {isa = PBXFileReference; lastKnownFileType = sourcecode.swift; path = HyperlipidemiaView.swift; sourceTree = "<group>"; };
		045C4FA42AAF1C210093E8CB /* Recipe.swift */ = {isa = PBXFileReference; lastKnownFileType = sourcecode.swift; path = Recipe.swift; sourceTree = "<group>"; };
		0493EE482A9349BD00180221 /* TagButton.swift */ = {isa = PBXFileReference; lastKnownFileType = sourcecode.swift; path = TagButton.swift; sourceTree = "<group>"; };
		0493EE4F2A95F91200180221 /* Information.swift */ = {isa = PBXFileReference; lastKnownFileType = sourcecode.swift; path = Information.swift; sourceTree = "<group>"; };
		0493EE672A972D5800180221 /* Healthy.swift */ = {isa = PBXFileReference; lastKnownFileType = sourcecode.swift; path = Healthy.swift; sourceTree = "<group>"; };
		0493EE692A972D8F00180221 /* HealthyView.swift */ = {isa = PBXFileReference; lastKnownFileType = sourcecode.swift; path = HealthyView.swift; sourceTree = "<group>"; };
		0493EE6B2A9749CD00180221 /* BMIiiiView.swift */ = {isa = PBXFileReference; lastKnownFileType = sourcecode.swift; path = BMIiiiView.swift; sourceTree = "<group>"; };
		0493EEA92A98447A00180221 /* GoogleService-Info.plist */ = {isa = PBXFileReference; fileEncoding = 4; lastKnownFileType = text.plist.xml; path = "GoogleService-Info.plist"; sourceTree = "<group>"; };
		04A3444C2AA9637300F70DF2 /* ForumView.swift */ = {isa = PBXFileReference; lastKnownFileType = sourcecode.swift; path = ForumView.swift; sourceTree = "<group>"; };
		04A3447A2AA9B28500F70DF2 /* MyView.swift */ = {isa = PBXFileReference; lastKnownFileType = sourcecode.swift; path = MyView.swift; sourceTree = "<group>"; };
		04A3447D2AA9B38100F70DF2 /* CameraManagerTypes.swift */ = {isa = PBXFileReference; fileEncoding = 4; lastKnownFileType = sourcecode.swift; path = CameraManagerTypes.swift; sourceTree = "<group>"; };
		04A3447F2AA9B39C00F70DF2 /* CameraManager.swift */ = {isa = PBXFileReference; fileEncoding = 4; lastKnownFileType = sourcecode.swift; path = CameraManager.swift; sourceTree = "<group>"; };
		04A344812AA9B3A800F70DF2 /* CameraManagerViewModel.swift */ = {isa = PBXFileReference; fileEncoding = 4; lastKnownFileType = sourcecode.swift; path = CameraManagerViewModel.swift; sourceTree = "<group>"; };
		04A344832AA9B3B400F70DF2 /* CameraPreviewView.swift */ = {isa = PBXFileReference; fileEncoding = 4; lastKnownFileType = sourcecode.swift; path = CameraPreviewView.swift; sourceTree = "<group>"; };
		04A344842AA9B3B400F70DF2 /* CustomVideoPlayer.swift */ = {isa = PBXFileReference; fileEncoding = 4; lastKnownFileType = sourcecode.swift; path = CustomVideoPlayer.swift; sourceTree = "<group>"; };
		04A344862AA9B3B400F70DF2 /* CapturedPreviewOverlay.swift */ = {isa = PBXFileReference; fileEncoding = 4; lastKnownFileType = sourcecode.swift; path = CapturedPreviewOverlay.swift; sourceTree = "<group>"; };
		04A344872AA9B3B400F70DF2 /* CameraOveraly.swift */ = {isa = PBXFileReference; fileEncoding = 4; lastKnownFileType = sourcecode.swift; path = CameraOveraly.swift; sourceTree = "<group>"; };
		04A344902AA9B41E00F70DF2 /* CameraManagerTests.swift */ = {isa = PBXFileReference; fileEncoding = 4; lastKnownFileType = sourcecode.swift; path = CameraManagerTests.swift; sourceTree = "<group>"; };
		04A344932AA9B46100F70DF2 /* CameraContentView.swift */ = {isa = PBXFileReference; lastKnownFileType = sourcecode.swift; path = CameraContentView.swift; sourceTree = "<group>"; };
		04A344952AA9B7C800F70DF2 /* Graduation-Project-Info.plist */ = {isa = PBXFileReference; lastKnownFileType = text.plist; path = "Graduation-Project-Info.plist"; sourceTree = SOURCE_ROOT; };
		04A4C95B2A8E1EC9000D7C8C /* LoginView.swift */ = {isa = PBXFileReference; lastKnownFileType = sourcecode.swift; path = LoginView.swift; sourceTree = "<group>"; };
		04A4C9612A8F08CF000D7C8C /* SigninView.swift */ = {isa = PBXFileReference; lastKnownFileType = sourcecode.swift; path = SigninView.swift; sourceTree = "<group>"; };
		04A4C9632A91AA44000D7C8C /* FavoriteView.swift */ = {isa = PBXFileReference; lastKnownFileType = sourcecode.swift; path = FavoriteView.swift; sourceTree = "<group>"; };
		04A4C9652A91AA6B000D7C8C /* ForgetPasswordView.swift */ = {isa = PBXFileReference; lastKnownFileType = sourcecode.swift; path = ForgetPasswordView.swift; sourceTree = "<group>"; };
		04A4C9672A91AA88000D7C8C /* HomeView.swift */ = {isa = PBXFileReference; lastKnownFileType = sourcecode.swift; path = HomeView.swift; sourceTree = "<group>"; };
		04A4C9742A91BBCB000D7C8C /* MyDataView.swift */ = {isa = PBXFileReference; lastKnownFileType = sourcecode.swift; path = MyDataView.swift; sourceTree = "<group>"; };
		04A4C9782A92F5EB000D7C8C /* View.swift */ = {isa = PBXFileReference; lastKnownFileType = sourcecode.swift; path = View.swift; sourceTree = "<group>"; };
		04A4C97D2A95AD51000D7C8C /* Assets.xcassets */ = {isa = PBXFileReference; lastKnownFileType = folder.assetcatalog; path = Assets.xcassets; sourceTree = "<group>"; };
		04A4C9852A95E6D2000D7C8C /* MemberButton.swift */ = {isa = PBXFileReference; lastKnownFileType = sourcecode.swift; path = MemberButton.swift; sourceTree = "<group>"; };
		04A4D0532A8E118D0050A5C4 /* Graduation_Project.app */ = {isa = PBXFileReference; explicitFileType = wrapper.application; includeInIndex = 0; path = Graduation_Project.app; sourceTree = BUILT_PRODUCTS_DIR; };
		04A4D0562A8E118D0050A5C4 /* Graduation_ProjectApp.swift */ = {isa = PBXFileReference; lastKnownFileType = sourcecode.swift; path = Graduation_ProjectApp.swift; sourceTree = "<group>"; };
		04A4D0582A8E118D0050A5C4 /* ContentView.swift */ = {isa = PBXFileReference; lastKnownFileType = sourcecode.swift; path = ContentView.swift; sourceTree = "<group>"; };
		04A4D05A2A8E118F0050A5C4 /* camera.xcassets */ = {isa = PBXFileReference; lastKnownFileType = folder.assetcatalog; path = camera.xcassets; sourceTree = "<group>"; };
		04A4D05D2A8E118F0050A5C4 /* body.xcassets */ = {isa = PBXFileReference; lastKnownFileType = folder.assetcatalog; path = body.xcassets; sourceTree = "<group>"; };
		04C7308A2A9D850100BAF806 /* BodyView.swift */ = {isa = PBXFileReference; lastKnownFileType = sourcecode.swift; path = BodyView.swift; sourceTree = "<group>"; };
		04C7308C2A9DAA7000BAF806 /* InformationLabel.swift */ = {isa = PBXFileReference; lastKnownFileType = sourcecode.swift; path = InformationLabel.swift; sourceTree = "<group>"; };
		04C7308E2A9EEB7800BAF806 /* MyrecipeView.swift */ = {isa = PBXFileReference; lastKnownFileType = sourcecode.swift; path = MyrecipeView.swift; sourceTree = "<group>"; };
		04F88ECA2AB038210042C110 /* SearchView.swift */ = {isa = PBXFileReference; lastKnownFileType = sourcecode.swift; path = SearchView.swift; sourceTree = "<group>"; };
		04F88ECC2AB4180C0042C110 /* SpinnerView.swift */ = {isa = PBXFileReference; lastKnownFileType = sourcecode.swift; path = SpinnerView.swift; sourceTree = "<group>"; };
/* End PBXFileReference section */

/* Begin PBXFrameworksBuildPhase section */
		04A4D0502A8E118D0050A5C4 /* Frameworks */ = {
			isa = PBXFrameworksBuildPhase;
			buildActionMask = 2147483647;
			files = (
				0493EE842A98415E00180221 /* FirebaseDatabase in Frameworks */,
				0493EE922A98415E00180221 /* FirebaseFunctionsCombine-Community in Frameworks */,
				0493EE8A2A98415E00180221 /* FirebaseFirestore in Frameworks */,
				0493EE762A98415E00180221 /* FirebaseAnalyticsSwift in Frameworks */,
				0493EE722A98415E00180221 /* FirebaseAnalytics in Frameworks */,
				0493EE742A98415E00180221 /* FirebaseAnalyticsOnDeviceConversion in Frameworks */,
				0493EE9A2A98415E00180221 /* FirebaseMLModelDownloader in Frameworks */,
				0493EE8E2A98415E00180221 /* FirebaseFirestoreSwift in Frameworks */,
				0493EE7A2A98415E00180221 /* FirebaseAppCheck in Frameworks */,
				0493EE782A98415E00180221 /* FirebaseAnalyticsWithoutAdIdSupport in Frameworks */,
				0493EE7E2A98415E00180221 /* FirebaseAuth in Frameworks */,
				0493EE822A98415E00180221 /* FirebaseCrashlytics in Frameworks */,
				0493EEA22A98415E00180221 /* FirebaseRemoteConfigSwift in Frameworks */,
				0493EE942A98415E00180221 /* FirebaseInAppMessaging-Beta in Frameworks */,
				0493EE862A98415E00180221 /* FirebaseDatabaseSwift in Frameworks */,
				0493EE902A98415E00180221 /* FirebaseFunctions in Frameworks */,
				0493EEA62A98415E00180221 /* FirebaseStorageCombine-Community in Frameworks */,
				0493EEA02A98415E00180221 /* FirebaseRemoteConfig in Frameworks */,
				0493EE7C2A98415E00180221 /* FirebaseAppDistribution-Beta in Frameworks */,
				0493EE802A98415E00180221 /* FirebaseAuthCombine-Community in Frameworks */,
				0493EE9E2A98415E00180221 /* FirebasePerformance in Frameworks */,
				0493EE962A98415E00180221 /* FirebaseInAppMessagingSwift-Beta in Frameworks */,
				0493EEA42A98415E00180221 /* FirebaseStorage in Frameworks */,
				0493EE882A98415E00180221 /* FirebaseDynamicLinks in Frameworks */,
				0493EE8C2A98415E00180221 /* FirebaseFirestoreCombine-Community in Frameworks */,
				0493EE9C2A98415E00180221 /* FirebaseMessaging in Frameworks */,
				0493EE982A98415E00180221 /* FirebaseInstallations in Frameworks */,
			);
			runOnlyForDeploymentPostprocessing = 0;
		};
/* End PBXFrameworksBuildPhase section */

/* Begin PBXGroup section */
		0493EE532A95F9C000180221 /* Model */ = {
			isa = PBXGroup;
			children = (
				04A3447F2AA9B39C00F70DF2 /* CameraManager.swift */,
				0493EE4F2A95F91200180221 /* Information.swift */,
			);
			path = Model;
			sourceTree = "<group>";
		};
		0493EE542A95FA3100180221 /* ViewModifier */ = {
			isa = PBXGroup;
			children = (
			);
			name = ViewModifier;
			path = Extension;
			sourceTree = "<group>";
		};
		0493EE552A95FA9300180221 /* Function */ = {
			isa = PBXGroup;
			children = (
				045C4FA42AAF1C210093E8CB /* Recipe.swift */,
			);
			name = Function;
			path = Extension;
			sourceTree = "<group>";
		};
		04A3447C2AA9B38100F70DF2 /* Utilities */ = {
			isa = PBXGroup;
			children = (
				04A3447D2AA9B38100F70DF2 /* CameraManagerTypes.swift */,
			);
			path = Utilities;
			sourceTree = "<group>";
		};
		04A3448F2AA9B41E00F70DF2 /* CameraTests */ = {
			isa = PBXGroup;
			children = (
				04A344902AA9B41E00F70DF2 /* CameraManagerTests.swift */,
			);
			path = CameraTests;
			sourceTree = "<group>";
		};
		04A344922AA9B43300F70DF2 /* Camera */ = {
			isa = PBXGroup;
			children = (
				04A344932AA9B46100F70DF2 /* CameraContentView.swift */,
				04A344842AA9B3B400F70DF2 /* CustomVideoPlayer.swift */,
				04A344872AA9B3B400F70DF2 /* CameraOveraly.swift */,
				04A344832AA9B3B400F70DF2 /* CameraPreviewView.swift */,
				04A344862AA9B3B400F70DF2 /* CapturedPreviewOverlay.swift */,
			);
			path = Camera;
			sourceTree = "<group>";
		};
		04A4C96D2A91AB89000D7C8C /* View */ = {
			isa = PBXGroup;
			children = (
				04A344922AA9B43300F70DF2 /* Camera */,
				04A4D0582A8E118D0050A5C4 /* ContentView.swift */,
				04A4C9632A91AA44000D7C8C /* FavoriteView.swift */,
				04A4C9652A91AA6B000D7C8C /* ForgetPasswordView.swift */,
				04A4C9672A91AA88000D7C8C /* HomeView.swift */,
				04A4C9742A91BBCB000D7C8C /* MyDataView.swift */,
				04A4C95B2A8E1EC9000D7C8C /* LoginView.swift */,
				04A4C9612A8F08CF000D7C8C /* SigninView.swift */,
				0493EE692A972D8F00180221 /* HealthyView.swift */,
				0493EE6B2A9749CD00180221 /* BMIiiiView.swift */,
				04C7308A2A9D850100BAF806 /* BodyView.swift */,
				04C7308E2A9EEB7800BAF806 /* MyrecipeView.swift */,
				04157EEA2AA0689000C44D5B /* MenuView.swift */,
				04A3444C2AA9637300F70DF2 /* ForumView.swift */,
				04A3447A2AA9B28500F70DF2 /* MyView.swift */,
				044A74C22AAB1FE100ACA736 /* BMIView.swift */,
				04129E412AAEC6A900ACCA1D /* HypertensionView.swift */,
				045C4FA02AAF0B8F0093E8CB /* HyperglycemiaView.swift */,
				045C4FA22AAF10E10093E8CB /* HyperlipidemiaView.swift */,
				04F88ECA2AB038210042C110 /* SearchView.swift */,
				04F88ECC2AB4180C0042C110 /* SpinnerView.swift */,
			);
			path = View;
			sourceTree = "<group>";
		};
		04A4C96E2A91ABC7000D7C8C /* Extension */ = {
			isa = PBXGroup;
			children = (
				04A4C9782A92F5EB000D7C8C /* View.swift */,
				0493EE672A972D5800180221 /* Healthy.swift */,
			);
			path = Extension;
			sourceTree = "<group>";
		};
		04A4C97C2A95AD30000D7C8C /* Color */ = {
			isa = PBXGroup;
			children = (
				04A4C97D2A95AD51000D7C8C /* Assets.xcassets */,
			);
			path = Color;
			sourceTree = "<group>";
		};
		04A4C9832A95E646000D7C8C /* ViewModel */ = {
			isa = PBXGroup;
			children = (
				04A344812AA9B3A800F70DF2 /* CameraManagerViewModel.swift */,
				0493EE482A9349BD00180221 /* TagButton.swift */,
				04A4C9852A95E6D2000D7C8C /* MemberButton.swift */,
				04C7308C2A9DAA7000BAF806 /* InformationLabel.swift */,
			);
			path = ViewModel;
			sourceTree = "<group>";
		};
		04A4D04A2A8E118D0050A5C4 = {
			isa = PBXGroup;
			children = (
				04A4D0562A8E118D0050A5C4 /* Graduation_ProjectApp.swift */,
				0493EEA92A98447A00180221 /* GoogleService-Info.plist */,
				04A4D0552A8E118D0050A5C4 /* Graduation_Project */,
				04A4D0542A8E118D0050A5C4 /* Products */,
			);
			sourceTree = "<group>";
		};
		04A4D0542A8E118D0050A5C4 /* Products */ = {
			isa = PBXGroup;
			children = (
				04A4D0532A8E118D0050A5C4 /* Graduation_Project.app */,
			);
			name = Products;
			sourceTree = "<group>";
		};
		04A4D0552A8E118D0050A5C4 /* Graduation_Project */ = {
			isa = PBXGroup;
			children = (
				04A344952AA9B7C800F70DF2 /* Graduation-Project-Info.plist */,
				04A4D05C2A8E118F0050A5C4 /* Preview Content */,
				5455272C2A961392005DE334 /* Picture */,
				04A4C97C2A95AD30000D7C8C /* Color */,
				04A3448F2AA9B41E00F70DF2 /* CameraTests */,
				04A4C96E2A91ABC7000D7C8C /* Extension */,
				0493EE552A95FA9300180221 /* Function */,
				0493EE532A95F9C000180221 /* Model */,
				04A4C96D2A91AB89000D7C8C /* View */,
				04A4C9832A95E646000D7C8C /* ViewModel */,
				04A3447C2AA9B38100F70DF2 /* Utilities */,
				0493EE542A95FA3100180221 /* ViewModifier */,
			);
			path = Graduation_Project;
			sourceTree = "<group>";
		};
		04A4D05C2A8E118F0050A5C4 /* Preview Content */ = {
			isa = PBXGroup;
			children = (
				04A4D05D2A8E118F0050A5C4 /* body.xcassets */,
			);
			path = "Preview Content";
			sourceTree = "<group>";
		};
		5455272C2A961392005DE334 /* Picture */ = {
			isa = PBXGroup;
			children = (
				04A4D05A2A8E118F0050A5C4 /* camera.xcassets */,
			);
			path = Picture;
			sourceTree = "<group>";
		};
/* End PBXGroup section */

/* Begin PBXNativeTarget section */
		04A4D0522A8E118D0050A5C4 /* Graduation_Project */ = {
			isa = PBXNativeTarget;
			buildConfigurationList = 04A4D0612A8E118F0050A5C4 /* Build configuration list for PBXNativeTarget "Graduation_Project" */;
			buildPhases = (
				04A4D04F2A8E118D0050A5C4 /* Sources */,
				04A4D0502A8E118D0050A5C4 /* Frameworks */,
				04A4D0512A8E118D0050A5C4 /* Resources */,
			);
			buildRules = (
			);
			dependencies = (
			);
			name = Graduation_Project;
			packageProductDependencies = (
				0493EE712A98415E00180221 /* FirebaseAnalytics */,
				0493EE732A98415E00180221 /* FirebaseAnalyticsOnDeviceConversion */,
				0493EE752A98415E00180221 /* FirebaseAnalyticsSwift */,
				0493EE772A98415E00180221 /* FirebaseAnalyticsWithoutAdIdSupport */,
				0493EE792A98415E00180221 /* FirebaseAppCheck */,
				0493EE7B2A98415E00180221 /* FirebaseAppDistribution-Beta */,
				0493EE7D2A98415E00180221 /* FirebaseAuth */,
				0493EE7F2A98415E00180221 /* FirebaseAuthCombine-Community */,
				0493EE812A98415E00180221 /* FirebaseCrashlytics */,
				0493EE832A98415E00180221 /* FirebaseDatabase */,
				0493EE852A98415E00180221 /* FirebaseDatabaseSwift */,
				0493EE872A98415E00180221 /* FirebaseDynamicLinks */,
				0493EE892A98415E00180221 /* FirebaseFirestore */,
				0493EE8B2A98415E00180221 /* FirebaseFirestoreCombine-Community */,
				0493EE8D2A98415E00180221 /* FirebaseFirestoreSwift */,
				0493EE8F2A98415E00180221 /* FirebaseFunctions */,
				0493EE912A98415E00180221 /* FirebaseFunctionsCombine-Community */,
				0493EE932A98415E00180221 /* FirebaseInAppMessaging-Beta */,
				0493EE952A98415E00180221 /* FirebaseInAppMessagingSwift-Beta */,
				0493EE972A98415E00180221 /* FirebaseInstallations */,
				0493EE992A98415E00180221 /* FirebaseMLModelDownloader */,
				0493EE9B2A98415E00180221 /* FirebaseMessaging */,
				0493EE9D2A98415E00180221 /* FirebasePerformance */,
				0493EE9F2A98415E00180221 /* FirebaseRemoteConfig */,
				0493EEA12A98415E00180221 /* FirebaseRemoteConfigSwift */,
				0493EEA32A98415E00180221 /* FirebaseStorage */,
				0493EEA52A98415E00180221 /* FirebaseStorageCombine-Community */,
			);
			productName = Graduation_Project;
			productReference = 04A4D0532A8E118D0050A5C4 /* Graduation_Project.app */;
			productType = "com.apple.product-type.application";
		};
/* End PBXNativeTarget section */

/* Begin PBXProject section */
		04A4D04B2A8E118D0050A5C4 /* Project object */ = {
			isa = PBXProject;
			attributes = {
				BuildIndependentTargetsInParallel = 1;
				LastSwiftUpdateCheck = 1430;
				LastUpgradeCheck = 1430;
				TargetAttributes = {
					04A4D0522A8E118D0050A5C4 = {
						CreatedOnToolsVersion = 14.3.1;
					};
				};
			};
			buildConfigurationList = 04A4D04E2A8E118D0050A5C4 /* Build configuration list for PBXProject "Graduation_Project" */;
			compatibilityVersion = "Xcode 14.0";
			developmentRegion = en;
			hasScannedForEncodings = 0;
			knownRegions = (
				en,
				Base,
			);
			mainGroup = 04A4D04A2A8E118D0050A5C4;
			packageReferences = (
				0493EE702A98415E00180221 /* XCRemoteSwiftPackageReference "firebase-ios-sdk" */,
			);
			productRefGroup = 04A4D0542A8E118D0050A5C4 /* Products */;
			projectDirPath = "";
			projectRoot = "";
			targets = (
				04A4D0522A8E118D0050A5C4 /* Graduation_Project */,
			);
		};
/* End PBXProject section */

/* Begin PBXResourcesBuildPhase section */
		04A4D0512A8E118D0050A5C4 /* Resources */ = {
			isa = PBXResourcesBuildPhase;
			buildActionMask = 2147483647;
			files = (
				04A4D05E2A8E118F0050A5C4 /* body.xcassets in Resources */,
				0493EEAA2A98447A00180221 /* GoogleService-Info.plist in Resources */,
				04A4D05B2A8E118F0050A5C4 /* camera.xcassets in Resources */,
				04A4C97E2A95AD51000D7C8C /* Assets.xcassets in Resources */,
			);
			runOnlyForDeploymentPostprocessing = 0;
		};
/* End PBXResourcesBuildPhase section */

/* Begin PBXSourcesBuildPhase section */
		04A4D04F2A8E118D0050A5C4 /* Sources */ = {
			isa = PBXSourcesBuildPhase;
			buildActionMask = 2147483647;
			files = (
				04A3448A2AA9B3B400F70DF2 /* CustomVideoPlayer.swift in Sources */,
				04157EEB2AA0689000C44D5B /* MenuView.swift in Sources */,
				04A344892AA9B3B400F70DF2 /* CameraPreviewView.swift in Sources */,
				04A344822AA9B3A800F70DF2 /* CameraManagerViewModel.swift in Sources */,
				04A344912AA9B41E00F70DF2 /* CameraManagerTests.swift in Sources */,
				04A4C95C2A8E1EC9000D7C8C /* LoginView.swift in Sources */,
				04A4C9662A91AA6B000D7C8C /* ForgetPasswordView.swift in Sources */,
				04A3448D2AA9B3B400F70DF2 /* CameraOveraly.swift in Sources */,
				04A344942AA9B46100F70DF2 /* CameraContentView.swift in Sources */,
				045C4FA52AAF1C210093E8CB /* Recipe.swift in Sources */,
				04A4C9792A92F5EB000D7C8C /* View.swift in Sources */,
				04A4C9642A91AA44000D7C8C /* FavoriteView.swift in Sources */,
				04C7308B2A9D850100BAF806 /* BodyView.swift in Sources */,
				04A4D0592A8E118D0050A5C4 /* ContentView.swift in Sources */,
				04A4C9752A91BBCB000D7C8C /* MyDataView.swift in Sources */,
				0493EE492A9349BD00180221 /* TagButton.swift in Sources */,
				04A3447B2AA9B28500F70DF2 /* MyView.swift in Sources */,
				0493EE6C2A9749CD00180221 /* BMIiiiView.swift in Sources */,
				04A3448C2AA9B3B400F70DF2 /* CapturedPreviewOverlay.swift in Sources */,
				0493EE6A2A972D8F00180221 /* HealthyView.swift in Sources */,
				0493EE502A95F91200180221 /* Information.swift in Sources */,
				04129E422AAEC6A900ACCA1D /* HypertensionView.swift in Sources */,
				04A4C9682A91AA88000D7C8C /* HomeView.swift in Sources */,
				04C7308F2A9EEB7800BAF806 /* MyrecipeView.swift in Sources */,
				0493EE682A972D5800180221 /* Healthy.swift in Sources */,
				04C7308D2A9DAA7000BAF806 /* InformationLabel.swift in Sources */,
				04A4C9622A8F08CF000D7C8C /* SigninView.swift in Sources */,
				045C4FA12AAF0B8F0093E8CB /* HyperglycemiaView.swift in Sources */,
				04F88ECD2AB4180C0042C110 /* SpinnerView.swift in Sources */,
				04F88ECB2AB038210042C110 /* SearchView.swift in Sources */,
				04A344802AA9B39C00F70DF2 /* CameraManager.swift in Sources */,
				045C4FA32AAF10E10093E8CB /* HyperlipidemiaView.swift in Sources */,
				044A74C32AAB1FE100ACA736 /* BMIView.swift in Sources */,
				04A4D0572A8E118D0050A5C4 /* Graduation_ProjectApp.swift in Sources */,
				04A3447E2AA9B38100F70DF2 /* CameraManagerTypes.swift in Sources */,
				04A3444D2AA9637300F70DF2 /* ForumView.swift in Sources */,
				04A4C9862A95E6D2000D7C8C /* MemberButton.swift in Sources */,
			);
			runOnlyForDeploymentPostprocessing = 0;
		};
/* End PBXSourcesBuildPhase section */

/* Begin XCBuildConfiguration section */
		04A4D05F2A8E118F0050A5C4 /* Debug */ = {
			isa = XCBuildConfiguration;
			buildSettings = {
				ALWAYS_SEARCH_USER_PATHS = NO;
				CLANG_ANALYZER_NONNULL = YES;
				CLANG_ANALYZER_NUMBER_OBJECT_CONVERSION = YES_AGGRESSIVE;
				CLANG_CXX_LANGUAGE_STANDARD = "gnu++20";
				CLANG_ENABLE_MODULES = YES;
				CLANG_ENABLE_OBJC_ARC = YES;
				CLANG_ENABLE_OBJC_WEAK = YES;
				CLANG_WARN_BLOCK_CAPTURE_AUTORELEASING = YES;
				CLANG_WARN_BOOL_CONVERSION = YES;
				CLANG_WARN_COMMA = YES;
				CLANG_WARN_CONSTANT_CONVERSION = YES;
				CLANG_WARN_DEPRECATED_OBJC_IMPLEMENTATIONS = YES;
				CLANG_WARN_DIRECT_OBJC_ISA_USAGE = YES_ERROR;
				CLANG_WARN_DOCUMENTATION_COMMENTS = YES;
				CLANG_WARN_EMPTY_BODY = YES;
				CLANG_WARN_ENUM_CONVERSION = YES;
				CLANG_WARN_INFINITE_RECURSION = YES;
				CLANG_WARN_INT_CONVERSION = YES;
				CLANG_WARN_NON_LITERAL_NULL_CONVERSION = YES;
				CLANG_WARN_OBJC_IMPLICIT_RETAIN_SELF = YES;
				CLANG_WARN_OBJC_LITERAL_CONVERSION = YES;
				CLANG_WARN_OBJC_ROOT_CLASS = YES_ERROR;
				CLANG_WARN_QUOTED_INCLUDE_IN_FRAMEWORK_HEADER = YES;
				CLANG_WARN_RANGE_LOOP_ANALYSIS = YES;
				CLANG_WARN_STRICT_PROTOTYPES = YES;
				CLANG_WARN_SUSPICIOUS_MOVE = YES;
				CLANG_WARN_UNGUARDED_AVAILABILITY = YES_AGGRESSIVE;
				CLANG_WARN_UNREACHABLE_CODE = YES;
				CLANG_WARN__DUPLICATE_METHOD_MATCH = YES;
				COPY_PHASE_STRIP = NO;
				DEBUG_INFORMATION_FORMAT = dwarf;
				ENABLE_STRICT_OBJC_MSGSEND = YES;
				ENABLE_TESTABILITY = YES;
				GCC_C_LANGUAGE_STANDARD = gnu11;
				GCC_DYNAMIC_NO_PIC = NO;
				GCC_NO_COMMON_BLOCKS = YES;
				GCC_OPTIMIZATION_LEVEL = 0;
				GCC_PREPROCESSOR_DEFINITIONS = (
					"DEBUG=1",
					"$(inherited)",
				);
				GCC_WARN_64_TO_32_BIT_CONVERSION = YES;
				GCC_WARN_ABOUT_RETURN_TYPE = YES_ERROR;
				GCC_WARN_UNDECLARED_SELECTOR = YES;
				GCC_WARN_UNINITIALIZED_AUTOS = YES_AGGRESSIVE;
				GCC_WARN_UNUSED_FUNCTION = YES;
				GCC_WARN_UNUSED_VARIABLE = YES;
				IPHONEOS_DEPLOYMENT_TARGET = 16.4;
				MTL_ENABLE_DEBUG_INFO = INCLUDE_SOURCE;
				MTL_FAST_MATH = YES;
				ONLY_ACTIVE_ARCH = YES;
				SDKROOT = iphoneos;
				SWIFT_ACTIVE_COMPILATION_CONDITIONS = DEBUG;
				SWIFT_OPTIMIZATION_LEVEL = "-Onone";
			};
			name = Debug;
		};
		04A4D0602A8E118F0050A5C4 /* Release */ = {
			isa = XCBuildConfiguration;
			buildSettings = {
				ALWAYS_SEARCH_USER_PATHS = NO;
				CLANG_ANALYZER_NONNULL = YES;
				CLANG_ANALYZER_NUMBER_OBJECT_CONVERSION = YES_AGGRESSIVE;
				CLANG_CXX_LANGUAGE_STANDARD = "gnu++20";
				CLANG_ENABLE_MODULES = YES;
				CLANG_ENABLE_OBJC_ARC = YES;
				CLANG_ENABLE_OBJC_WEAK = YES;
				CLANG_WARN_BLOCK_CAPTURE_AUTORELEASING = YES;
				CLANG_WARN_BOOL_CONVERSION = YES;
				CLANG_WARN_COMMA = YES;
				CLANG_WARN_CONSTANT_CONVERSION = YES;
				CLANG_WARN_DEPRECATED_OBJC_IMPLEMENTATIONS = YES;
				CLANG_WARN_DIRECT_OBJC_ISA_USAGE = YES_ERROR;
				CLANG_WARN_DOCUMENTATION_COMMENTS = YES;
				CLANG_WARN_EMPTY_BODY = YES;
				CLANG_WARN_ENUM_CONVERSION = YES;
				CLANG_WARN_INFINITE_RECURSION = YES;
				CLANG_WARN_INT_CONVERSION = YES;
				CLANG_WARN_NON_LITERAL_NULL_CONVERSION = YES;
				CLANG_WARN_OBJC_IMPLICIT_RETAIN_SELF = YES;
				CLANG_WARN_OBJC_LITERAL_CONVERSION = YES;
				CLANG_WARN_OBJC_ROOT_CLASS = YES_ERROR;
				CLANG_WARN_QUOTED_INCLUDE_IN_FRAMEWORK_HEADER = YES;
				CLANG_WARN_RANGE_LOOP_ANALYSIS = YES;
				CLANG_WARN_STRICT_PROTOTYPES = YES;
				CLANG_WARN_SUSPICIOUS_MOVE = YES;
				CLANG_WARN_UNGUARDED_AVAILABILITY = YES_AGGRESSIVE;
				CLANG_WARN_UNREACHABLE_CODE = YES;
				CLANG_WARN__DUPLICATE_METHOD_MATCH = YES;
				COPY_PHASE_STRIP = NO;
				DEBUG_INFORMATION_FORMAT = "dwarf-with-dsym";
				ENABLE_NS_ASSERTIONS = NO;
				ENABLE_STRICT_OBJC_MSGSEND = YES;
				GCC_C_LANGUAGE_STANDARD = gnu11;
				GCC_NO_COMMON_BLOCKS = YES;
				GCC_WARN_64_TO_32_BIT_CONVERSION = YES;
				GCC_WARN_ABOUT_RETURN_TYPE = YES_ERROR;
				GCC_WARN_UNDECLARED_SELECTOR = YES;
				GCC_WARN_UNINITIALIZED_AUTOS = YES_AGGRESSIVE;
				GCC_WARN_UNUSED_FUNCTION = YES;
				GCC_WARN_UNUSED_VARIABLE = YES;
				IPHONEOS_DEPLOYMENT_TARGET = 16.4;
				MTL_ENABLE_DEBUG_INFO = NO;
				MTL_FAST_MATH = YES;
				SDKROOT = iphoneos;
				SWIFT_COMPILATION_MODE = wholemodule;
				SWIFT_OPTIMIZATION_LEVEL = "-O";
				VALIDATE_PRODUCT = YES;
			};
			name = Release;
		};
		04A4D0622A8E118F0050A5C4 /* Debug */ = {
			isa = XCBuildConfiguration;
			buildSettings = {
				ASSETCATALOG_COMPILER_APPICON_NAME = AppIcon;
				ASSETCATALOG_COMPILER_GLOBAL_ACCENT_COLOR_NAME = AccentColor;
				CODE_SIGN_STYLE = Automatic;
				CURRENT_PROJECT_VERSION = 1;
				DEVELOPMENT_ASSET_PATHS = "\"Graduation_Project/Preview Content\"";
				DEVELOPMENT_TEAM = 5368N29Z5Z;
				ENABLE_PREVIEWS = YES;
				GENERATE_INFOPLIST_FILE = YES;
				INFOPLIST_FILE = "Graduation-Project-Info.plist";
				INFOPLIST_KEY_NSCameraUsageDescription = "Its needed";
				INFOPLIST_KEY_NSMicrophoneUsageDescription = "Mic is needed";
				INFOPLIST_KEY_NSPhotoLibraryAddUsageDescription = "To save photos";
				INFOPLIST_KEY_NSPhotoLibraryUsageDescription = "Needed to save video photo";
				INFOPLIST_KEY_UIApplicationSceneManifest_Generation = YES;
				INFOPLIST_KEY_UIApplicationSupportsIndirectInputEvents = YES;
				INFOPLIST_KEY_UILaunchScreen_Generation = YES;
				INFOPLIST_KEY_UISupportedInterfaceOrientations_iPad = "UIInterfaceOrientationPortrait UIInterfaceOrientationPortraitUpsideDown UIInterfaceOrientationLandscapeLeft UIInterfaceOrientationLandscapeRight";
				INFOPLIST_KEY_UISupportedInterfaceOrientations_iPhone = "UIInterfaceOrientationPortrait UIInterfaceOrientationLandscapeLeft UIInterfaceOrientationLandscapeRight";
				LD_RUNPATH_SEARCH_PATHS = (
					"$(inherited)",
					"@executable_path/Frameworks",
				);
				MARKETING_VERSION = 1.0;
				PRODUCT_BUNDLE_IDENTIFIER = dorisfffie;
				PRODUCT_NAME = "$(TARGET_NAME)";
				SWIFT_EMIT_LOC_STRINGS = YES;
				SWIFT_VERSION = 5.0;
				TARGETED_DEVICE_FAMILY = "1,2";
			};
			name = Debug;
		};
		04A4D0632A8E118F0050A5C4 /* Release */ = {
			isa = XCBuildConfiguration;
			buildSettings = {
				ASSETCATALOG_COMPILER_APPICON_NAME = AppIcon;
				ASSETCATALOG_COMPILER_GLOBAL_ACCENT_COLOR_NAME = AccentColor;
				CODE_SIGN_STYLE = Automatic;
				CURRENT_PROJECT_VERSION = 1;
				DEVELOPMENT_ASSET_PATHS = "\"Graduation_Project/Preview Content\"";
				DEVELOPMENT_TEAM = 5368N29Z5Z;
				ENABLE_PREVIEWS = YES;
				GENERATE_INFOPLIST_FILE = YES;
				INFOPLIST_FILE = "Graduation-Project-Info.plist";
				INFOPLIST_KEY_NSCameraUsageDescription = "Its needed";
				INFOPLIST_KEY_NSMicrophoneUsageDescription = "Mic is needed";
				INFOPLIST_KEY_NSPhotoLibraryAddUsageDescription = "To save photos";
				INFOPLIST_KEY_NSPhotoLibraryUsageDescription = "Needed to save video photo";
				INFOPLIST_KEY_UIApplicationSceneManifest_Generation = YES;
				INFOPLIST_KEY_UIApplicationSupportsIndirectInputEvents = YES;
				INFOPLIST_KEY_UILaunchScreen_Generation = YES;
				INFOPLIST_KEY_UISupportedInterfaceOrientations_iPad = "UIInterfaceOrientationPortrait UIInterfaceOrientationPortraitUpsideDown UIInterfaceOrientationLandscapeLeft UIInterfaceOrientationLandscapeRight";
				INFOPLIST_KEY_UISupportedInterfaceOrientations_iPhone = "UIInterfaceOrientationPortrait UIInterfaceOrientationLandscapeLeft UIInterfaceOrientationLandscapeRight";
				LD_RUNPATH_SEARCH_PATHS = (
					"$(inherited)",
					"@executable_path/Frameworks",
				);
				MARKETING_VERSION = 1.0;
				PRODUCT_BUNDLE_IDENTIFIER = dorisfffie;
				PRODUCT_NAME = "$(TARGET_NAME)";
				SWIFT_EMIT_LOC_STRINGS = YES;
				SWIFT_VERSION = 5.0;
				TARGETED_DEVICE_FAMILY = "1,2";
			};
			name = Release;
		};
/* End XCBuildConfiguration section */

/* Begin XCConfigurationList section */
		04A4D04E2A8E118D0050A5C4 /* Build configuration list for PBXProject "Graduation_Project" */ = {
			isa = XCConfigurationList;
			buildConfigurations = (
				04A4D05F2A8E118F0050A5C4 /* Debug */,
				04A4D0602A8E118F0050A5C4 /* Release */,
			);
			defaultConfigurationIsVisible = 0;
			defaultConfigurationName = Release;
		};
		04A4D0612A8E118F0050A5C4 /* Build configuration list for PBXNativeTarget "Graduation_Project" */ = {
			isa = XCConfigurationList;
			buildConfigurations = (
				04A4D0622A8E118F0050A5C4 /* Debug */,
				04A4D0632A8E118F0050A5C4 /* Release */,
			);
			defaultConfigurationIsVisible = 0;
			defaultConfigurationName = Release;
		};
/* End XCConfigurationList section */

/* Begin XCRemoteSwiftPackageReference section */
		0493EE702A98415E00180221 /* XCRemoteSwiftPackageReference "firebase-ios-sdk" */ = {
			isa = XCRemoteSwiftPackageReference;
			repositoryURL = "https://github.com/firebase/firebase-ios-sdk";
			requirement = {
				kind = upToNextMajorVersion;
				minimumVersion = 10.0.0;
			};
		};
/* End XCRemoteSwiftPackageReference section */

/* Begin XCSwiftPackageProductDependency section */
		0493EE712A98415E00180221 /* FirebaseAnalytics */ = {
			isa = XCSwiftPackageProductDependency;
			package = 0493EE702A98415E00180221 /* XCRemoteSwiftPackageReference "firebase-ios-sdk" */;
			productName = FirebaseAnalytics;
		};
		0493EE732A98415E00180221 /* FirebaseAnalyticsOnDeviceConversion */ = {
			isa = XCSwiftPackageProductDependency;
			package = 0493EE702A98415E00180221 /* XCRemoteSwiftPackageReference "firebase-ios-sdk" */;
			productName = FirebaseAnalyticsOnDeviceConversion;
		};
		0493EE752A98415E00180221 /* FirebaseAnalyticsSwift */ = {
			isa = XCSwiftPackageProductDependency;
			package = 0493EE702A98415E00180221 /* XCRemoteSwiftPackageReference "firebase-ios-sdk" */;
			productName = FirebaseAnalyticsSwift;
		};
		0493EE772A98415E00180221 /* FirebaseAnalyticsWithoutAdIdSupport */ = {
			isa = XCSwiftPackageProductDependency;
			package = 0493EE702A98415E00180221 /* XCRemoteSwiftPackageReference "firebase-ios-sdk" */;
			productName = FirebaseAnalyticsWithoutAdIdSupport;
		};
		0493EE792A98415E00180221 /* FirebaseAppCheck */ = {
			isa = XCSwiftPackageProductDependency;
			package = 0493EE702A98415E00180221 /* XCRemoteSwiftPackageReference "firebase-ios-sdk" */;
			productName = FirebaseAppCheck;
		};
		0493EE7B2A98415E00180221 /* FirebaseAppDistribution-Beta */ = {
			isa = XCSwiftPackageProductDependency;
			package = 0493EE702A98415E00180221 /* XCRemoteSwiftPackageReference "firebase-ios-sdk" */;
			productName = "FirebaseAppDistribution-Beta";
		};
		0493EE7D2A98415E00180221 /* FirebaseAuth */ = {
			isa = XCSwiftPackageProductDependency;
			package = 0493EE702A98415E00180221 /* XCRemoteSwiftPackageReference "firebase-ios-sdk" */;
			productName = FirebaseAuth;
		};
		0493EE7F2A98415E00180221 /* FirebaseAuthCombine-Community */ = {
			isa = XCSwiftPackageProductDependency;
			package = 0493EE702A98415E00180221 /* XCRemoteSwiftPackageReference "firebase-ios-sdk" */;
			productName = "FirebaseAuthCombine-Community";
		};
		0493EE812A98415E00180221 /* FirebaseCrashlytics */ = {
			isa = XCSwiftPackageProductDependency;
			package = 0493EE702A98415E00180221 /* XCRemoteSwiftPackageReference "firebase-ios-sdk" */;
			productName = FirebaseCrashlytics;
		};
		0493EE832A98415E00180221 /* FirebaseDatabase */ = {
			isa = XCSwiftPackageProductDependency;
			package = 0493EE702A98415E00180221 /* XCRemoteSwiftPackageReference "firebase-ios-sdk" */;
			productName = FirebaseDatabase;
		};
		0493EE852A98415E00180221 /* FirebaseDatabaseSwift */ = {
			isa = XCSwiftPackageProductDependency;
			package = 0493EE702A98415E00180221 /* XCRemoteSwiftPackageReference "firebase-ios-sdk" */;
			productName = FirebaseDatabaseSwift;
		};
		0493EE872A98415E00180221 /* FirebaseDynamicLinks */ = {
			isa = XCSwiftPackageProductDependency;
			package = 0493EE702A98415E00180221 /* XCRemoteSwiftPackageReference "firebase-ios-sdk" */;
			productName = FirebaseDynamicLinks;
		};
		0493EE892A98415E00180221 /* FirebaseFirestore */ = {
			isa = XCSwiftPackageProductDependency;
			package = 0493EE702A98415E00180221 /* XCRemoteSwiftPackageReference "firebase-ios-sdk" */;
			productName = FirebaseFirestore;
		};
		0493EE8B2A98415E00180221 /* FirebaseFirestoreCombine-Community */ = {
			isa = XCSwiftPackageProductDependency;
			package = 0493EE702A98415E00180221 /* XCRemoteSwiftPackageReference "firebase-ios-sdk" */;
			productName = "FirebaseFirestoreCombine-Community";
		};
		0493EE8D2A98415E00180221 /* FirebaseFirestoreSwift */ = {
			isa = XCSwiftPackageProductDependency;
			package = 0493EE702A98415E00180221 /* XCRemoteSwiftPackageReference "firebase-ios-sdk" */;
			productName = FirebaseFirestoreSwift;
		};
		0493EE8F2A98415E00180221 /* FirebaseFunctions */ = {
			isa = XCSwiftPackageProductDependency;
			package = 0493EE702A98415E00180221 /* XCRemoteSwiftPackageReference "firebase-ios-sdk" */;
			productName = FirebaseFunctions;
		};
		0493EE912A98415E00180221 /* FirebaseFunctionsCombine-Community */ = {
			isa = XCSwiftPackageProductDependency;
			package = 0493EE702A98415E00180221 /* XCRemoteSwiftPackageReference "firebase-ios-sdk" */;
			productName = "FirebaseFunctionsCombine-Community";
		};
		0493EE932A98415E00180221 /* FirebaseInAppMessaging-Beta */ = {
			isa = XCSwiftPackageProductDependency;
			package = 0493EE702A98415E00180221 /* XCRemoteSwiftPackageReference "firebase-ios-sdk" */;
			productName = "FirebaseInAppMessaging-Beta";
		};
		0493EE952A98415E00180221 /* FirebaseInAppMessagingSwift-Beta */ = {
			isa = XCSwiftPackageProductDependency;
			package = 0493EE702A98415E00180221 /* XCRemoteSwiftPackageReference "firebase-ios-sdk" */;
			productName = "FirebaseInAppMessagingSwift-Beta";
		};
		0493EE972A98415E00180221 /* FirebaseInstallations */ = {
			isa = XCSwiftPackageProductDependency;
			package = 0493EE702A98415E00180221 /* XCRemoteSwiftPackageReference "firebase-ios-sdk" */;
			productName = FirebaseInstallations;
		};
		0493EE992A98415E00180221 /* FirebaseMLModelDownloader */ = {
			isa = XCSwiftPackageProductDependency;
			package = 0493EE702A98415E00180221 /* XCRemoteSwiftPackageReference "firebase-ios-sdk" */;
			productName = FirebaseMLModelDownloader;
		};
		0493EE9B2A98415E00180221 /* FirebaseMessaging */ = {
			isa = XCSwiftPackageProductDependency;
			package = 0493EE702A98415E00180221 /* XCRemoteSwiftPackageReference "firebase-ios-sdk" */;
			productName = FirebaseMessaging;
		};
		0493EE9D2A98415E00180221 /* FirebasePerformance */ = {
			isa = XCSwiftPackageProductDependency;
			package = 0493EE702A98415E00180221 /* XCRemoteSwiftPackageReference "firebase-ios-sdk" */;
			productName = FirebasePerformance;
		};
		0493EE9F2A98415E00180221 /* FirebaseRemoteConfig */ = {
			isa = XCSwiftPackageProductDependency;
			package = 0493EE702A98415E00180221 /* XCRemoteSwiftPackageReference "firebase-ios-sdk" */;
			productName = FirebaseRemoteConfig;
		};
		0493EEA12A98415E00180221 /* FirebaseRemoteConfigSwift */ = {
			isa = XCSwiftPackageProductDependency;
			package = 0493EE702A98415E00180221 /* XCRemoteSwiftPackageReference "firebase-ios-sdk" */;
			productName = FirebaseRemoteConfigSwift;
		};
		0493EEA32A98415E00180221 /* FirebaseStorage */ = {
			isa = XCSwiftPackageProductDependency;
			package = 0493EE702A98415E00180221 /* XCRemoteSwiftPackageReference "firebase-ios-sdk" */;
			productName = FirebaseStorage;
		};
		0493EEA52A98415E00180221 /* FirebaseStorageCombine-Community */ = {
			isa = XCSwiftPackageProductDependency;
			package = 0493EE702A98415E00180221 /* XCRemoteSwiftPackageReference "firebase-ios-sdk" */;
			productName = "FirebaseStorageCombine-Community";
		};
/* End XCSwiftPackageProductDependency section */
	};
	rootObject = 04A4D04B2A8E118D0050A5C4 /* Project object */;
}
