// !$*UTF8*$!
{
	archiveVersion = 1;
	classes = {
	};
	objectVersion = 56;
	objects = {

/* Begin PBXBuildFile section */
		0493EE492A9349BD00180221 /* TagButton.swift in Sources */ = {isa = PBXBuildFile; fileRef = 0493EE482A9349BD00180221 /* TagButton.swift */; };
		0493EE502A95F91200180221 /* Information.swift in Sources */ = {isa = PBXBuildFile; fileRef = 0493EE4F2A95F91200180221 /* Information.swift */; };
		0493EE572A97021700180221 /* SwiftUIView.swift in Sources */ = {isa = PBXBuildFile; fileRef = 0493EE562A97021700180221 /* SwiftUIView.swift */; };
		0493EE682A972D5800180221 /* Healthy.swift in Sources */ = {isa = PBXBuildFile; fileRef = 0493EE672A972D5800180221 /* Healthy.swift */; };
		0493EE6A2A972D8F00180221 /* HealthyView.swift in Sources */ = {isa = PBXBuildFile; fileRef = 0493EE692A972D8F00180221 /* HealthyView.swift */; };
		04A4C95C2A8E1EC9000D7C8C /* LoginView.swift in Sources */ = {isa = PBXBuildFile; fileRef = 04A4C95B2A8E1EC9000D7C8C /* LoginView.swift */; };
		04A4C9622A8F08CF000D7C8C /* SigninView.swift in Sources */ = {isa = PBXBuildFile; fileRef = 04A4C9612A8F08CF000D7C8C /* SigninView.swift */; };
		04A4C9642A91AA44000D7C8C /* FavoriteView.swift in Sources */ = {isa = PBXBuildFile; fileRef = 04A4C9632A91AA44000D7C8C /* FavoriteView.swift */; };
		04A4C9662A91AA6B000D7C8C /* ForgetPasswordView.swift in Sources */ = {isa = PBXBuildFile; fileRef = 04A4C9652A91AA6B000D7C8C /* ForgetPasswordView.swift */; };
		04A4C9682A91AA88000D7C8C /* HomeView.swift in Sources */ = {isa = PBXBuildFile; fileRef = 04A4C9672A91AA88000D7C8C /* HomeView.swift */; };
		04A4C96A2A91AAAE000D7C8C /* MemberView.swift in Sources */ = {isa = PBXBuildFile; fileRef = 04A4C9692A91AAAE000D7C8C /* MemberView.swift */; };
		04A4C9752A91BBCB000D7C8C /* MyDataView.swift in Sources */ = {isa = PBXBuildFile; fileRef = 04A4C9742A91BBCB000D7C8C /* MyDataView.swift */; };
		04A4C9792A92F5EB000D7C8C /* View.swift in Sources */ = {isa = PBXBuildFile; fileRef = 04A4C9782A92F5EB000D7C8C /* View.swift */; };
		04A4C97E2A95AD51000D7C8C /* Assets.xcassets in Resources */ = {isa = PBXBuildFile; fileRef = 04A4C97D2A95AD51000D7C8C /* Assets.xcassets */; };
		04A4C9802A95AE80000D7C8C /* Color.swift in Sources */ = {isa = PBXBuildFile; fileRef = 04A4C97F2A95AE80000D7C8C /* Color.swift */; };
		04A4C9862A95E6D2000D7C8C /* MemberButton.swift in Sources */ = {isa = PBXBuildFile; fileRef = 04A4C9852A95E6D2000D7C8C /* MemberButton.swift */; };
		04A4D0572A8E118D0050A5C4 /* Graduation_ProjectApp.swift in Sources */ = {isa = PBXBuildFile; fileRef = 04A4D0562A8E118D0050A5C4 /* Graduation_ProjectApp.swift */; };
		04A4D0592A8E118D0050A5C4 /* ContentView.swift in Sources */ = {isa = PBXBuildFile; fileRef = 04A4D0582A8E118D0050A5C4 /* ContentView.swift */; };
		04A4D05B2A8E118F0050A5C4 /* Assets.xcassets in Resources */ = {isa = PBXBuildFile; fileRef = 04A4D05A2A8E118F0050A5C4 /* Assets.xcassets */; };
		04A4D05E2A8E118F0050A5C4 /* Preview Assets.xcassets in Resources */ = {isa = PBXBuildFile; fileRef = 04A4D05D2A8E118F0050A5C4 /* Preview Assets.xcassets */; };
		5460834D2A96EF8F00926662 /* SideView.swift in Sources */ = {isa = PBXBuildFile; fileRef = 5460834C2A96EF8F00926662 /* SideView.swift */; };
/* End PBXBuildFile section */

/* Begin PBXFileReference section */
		0493EE482A9349BD00180221 /* TagButton.swift */ = {isa = PBXFileReference; lastKnownFileType = sourcecode.swift; path = TagButton.swift; sourceTree = "<group>"; };
		0493EE4F2A95F91200180221 /* Information.swift */ = {isa = PBXFileReference; lastKnownFileType = sourcecode.swift; path = Information.swift; sourceTree = "<group>"; };
		0493EE562A97021700180221 /* SwiftUIView.swift */ = {isa = PBXFileReference; lastKnownFileType = sourcecode.swift; path = SwiftUIView.swift; sourceTree = "<group>"; };
		0493EE672A972D5800180221 /* Healthy.swift */ = {isa = PBXFileReference; lastKnownFileType = sourcecode.swift; path = Healthy.swift; sourceTree = "<group>"; };
		0493EE692A972D8F00180221 /* HealthyView.swift */ = {isa = PBXFileReference; lastKnownFileType = sourcecode.swift; path = HealthyView.swift; sourceTree = "<group>"; };
		04A4C95B2A8E1EC9000D7C8C /* LoginView.swift */ = {isa = PBXFileReference; lastKnownFileType = sourcecode.swift; path = LoginView.swift; sourceTree = "<group>"; };
		04A4C9612A8F08CF000D7C8C /* SigninView.swift */ = {isa = PBXFileReference; lastKnownFileType = sourcecode.swift; path = SigninView.swift; sourceTree = "<group>"; };
		04A4C9632A91AA44000D7C8C /* FavoriteView.swift */ = {isa = PBXFileReference; lastKnownFileType = sourcecode.swift; path = FavoriteView.swift; sourceTree = "<group>"; };
		04A4C9652A91AA6B000D7C8C /* ForgetPasswordView.swift */ = {isa = PBXFileReference; lastKnownFileType = sourcecode.swift; path = ForgetPasswordView.swift; sourceTree = "<group>"; };
		04A4C9672A91AA88000D7C8C /* HomeView.swift */ = {isa = PBXFileReference; lastKnownFileType = sourcecode.swift; path = HomeView.swift; sourceTree = "<group>"; };
		04A4C9692A91AAAE000D7C8C /* MemberView.swift */ = {isa = PBXFileReference; lastKnownFileType = sourcecode.swift; path = MemberView.swift; sourceTree = "<group>"; };
		04A4C9742A91BBCB000D7C8C /* MyDataView.swift */ = {isa = PBXFileReference; lastKnownFileType = sourcecode.swift; path = MyDataView.swift; sourceTree = "<group>"; };
		04A4C9782A92F5EB000D7C8C /* View.swift */ = {isa = PBXFileReference; lastKnownFileType = sourcecode.swift; path = View.swift; sourceTree = "<group>"; };
		04A4C97D2A95AD51000D7C8C /* Assets.xcassets */ = {isa = PBXFileReference; lastKnownFileType = folder.assetcatalog; path = Assets.xcassets; sourceTree = "<group>"; };
		04A4C97F2A95AE80000D7C8C /* Color.swift */ = {isa = PBXFileReference; lastKnownFileType = sourcecode.swift; path = Color.swift; sourceTree = "<group>"; };
		04A4C9852A95E6D2000D7C8C /* MemberButton.swift */ = {isa = PBXFileReference; lastKnownFileType = sourcecode.swift; path = MemberButton.swift; sourceTree = "<group>"; };
		04A4D0532A8E118D0050A5C4 /* Graduation_Project.app */ = {isa = PBXFileReference; explicitFileType = wrapper.application; includeInIndex = 0; path = Graduation_Project.app; sourceTree = BUILT_PRODUCTS_DIR; };
		04A4D0562A8E118D0050A5C4 /* Graduation_ProjectApp.swift */ = {isa = PBXFileReference; lastKnownFileType = sourcecode.swift; path = Graduation_ProjectApp.swift; sourceTree = "<group>"; };
		04A4D0582A8E118D0050A5C4 /* ContentView.swift */ = {isa = PBXFileReference; lastKnownFileType = sourcecode.swift; path = ContentView.swift; sourceTree = "<group>"; };
		04A4D05A2A8E118F0050A5C4 /* Assets.xcassets */ = {isa = PBXFileReference; lastKnownFileType = folder.assetcatalog; path = Assets.xcassets; sourceTree = "<group>"; };
		04A4D05D2A8E118F0050A5C4 /* Preview Assets.xcassets */ = {isa = PBXFileReference; lastKnownFileType = folder.assetcatalog; path = "Preview Assets.xcassets"; sourceTree = "<group>"; };
		5460834C2A96EF8F00926662 /* SideView.swift */ = {isa = PBXFileReference; lastKnownFileType = sourcecode.swift; path = SideView.swift; sourceTree = "<group>"; };
/* End PBXFileReference section */

/* Begin PBXFrameworksBuildPhase section */
		04A4D0502A8E118D0050A5C4 /* Frameworks */ = {
			isa = PBXFrameworksBuildPhase;
			buildActionMask = 2147483647;
			files = (
			);
			runOnlyForDeploymentPostprocessing = 0;
		};
/* End PBXFrameworksBuildPhase section */

/* Begin PBXGroup section */
		0493EE532A95F9C000180221 /* Model */ = {
			isa = PBXGroup;
			children = (
				04A4C97F2A95AE80000D7C8C /* Color.swift */,
				0493EE4F2A95F91200180221 /* Information.swift */,
			);
			path = Model;
			sourceTree = "<group>";
		};
		0493EE542A95FA3100180221 /* ViewModifier */ = {
			isa = PBXGroup;
			children = (
			);
			name = ViewModifier;
			path = Extension;
			sourceTree = "<group>";
		};
		0493EE552A95FA9300180221 /* Function */ = {
			isa = PBXGroup;
			children = (
			);
			name = Function;
			path = Extension;
			sourceTree = "<group>";
		};
		04A4C96D2A91AB89000D7C8C /* View */ = {
			isa = PBXGroup;
			children = (
				04A4D0582A8E118D0050A5C4 /* ContentView.swift */,
				04A4C9632A91AA44000D7C8C /* FavoriteView.swift */,
				04A4C9652A91AA6B000D7C8C /* ForgetPasswordView.swift */,
				04A4C9672A91AA88000D7C8C /* HomeView.swift */,
				04A4C95B2A8E1EC9000D7C8C /* LoginView.swift */,
				04A4C9692A91AAAE000D7C8C /* MemberView.swift */,
				04A4C9742A91BBCB000D7C8C /* MyDataView.swift */,
				5460834C2A96EF8F00926662 /* SideView.swift */,
				04A4C9612A8F08CF000D7C8C /* SigninView.swift */,
				0493EE562A97021700180221 /* SwiftUIView.swift */,
				0493EE692A972D8F00180221 /* HealthyView.swift */,
			);
			path = View;
			sourceTree = "<group>";
		};
		04A4C96E2A91ABC7000D7C8C /* Extension */ = {
			isa = PBXGroup;
			children = (
				04A4C9782A92F5EB000D7C8C /* View.swift */,
				0493EE672A972D5800180221 /* Healthy.swift */,
			);
			path = Extension;
			sourceTree = "<group>";
		};
		04A4C97C2A95AD30000D7C8C /* Color */ = {
			isa = PBXGroup;
			children = (
				04A4C97D2A95AD51000D7C8C /* Assets.xcassets */,
			);
			path = Color;
			sourceTree = "<group>";
		};
		04A4C9832A95E646000D7C8C /* ViewModel */ = {
			isa = PBXGroup;
			children = (
				0493EE482A9349BD00180221 /* TagButton.swift */,
				04A4C9852A95E6D2000D7C8C /* MemberButton.swift */,
			);
			path = ViewModel;
			sourceTree = "<group>";
		};
		04A4D04A2A8E118D0050A5C4 = {
			isa = PBXGroup;
			children = (
				04A4D0562A8E118D0050A5C4 /* Graduation_ProjectApp.swift */,
				04A4D0552A8E118D0050A5C4 /* Graduation_Project */,
				04A4D0542A8E118D0050A5C4 /* Products */,
			);
			sourceTree = "<group>";
		};
		04A4D0542A8E118D0050A5C4 /* Products */ = {
			isa = PBXGroup;
			children = (
				04A4D0532A8E118D0050A5C4 /* Graduation_Project.app */,
			);
			name = Products;
			sourceTree = "<group>";
		};
		04A4D0552A8E118D0050A5C4 /* Graduation_Project */ = {
			isa = PBXGroup;
			children = (
				5455272C2A961392005DE334 /* Picture */,
				04A4C97C2A95AD30000D7C8C /* Color */,
				04A4C96E2A91ABC7000D7C8C /* Extension */,
				0493EE552A95FA9300180221 /* Function */,
				0493EE532A95F9C000180221 /* Model */,
				04A4D05C2A8E118F0050A5C4 /* Preview Content */,
				04A4C96D2A91AB89000D7C8C /* View */,
				04A4C9832A95E646000D7C8C /* ViewModel */,
				0493EE542A95FA3100180221 /* ViewModifier */,
			);
			path = Graduation_Project;
			sourceTree = "<group>";
		};
		04A4D05C2A8E118F0050A5C4 /* Preview Content */ = {
			isa = PBXGroup;
			children = (
				04A4D05D2A8E118F0050A5C4 /* Preview Assets.xcassets */,
			);
			path = "Preview Content";
			sourceTree = "<group>";
		};
		5455272C2A961392005DE334 /* Picture */ = {
			isa = PBXGroup;
			children = (
				04A4D05A2A8E118F0050A5C4 /* Assets.xcassets */,
			);
			path = Picture;
			sourceTree = "<group>";
		};
/* End PBXGroup section */

/* Begin PBXNativeTarget section */
		04A4D0522A8E118D0050A5C4 /* Graduation_Project */ = {
			isa = PBXNativeTarget;
			buildConfigurationList = 04A4D0612A8E118F0050A5C4 /* Build configuration list for PBXNativeTarget "Graduation_Project" */;
			buildPhases = (
				04A4D04F2A8E118D0050A5C4 /* Sources */,
				04A4D0502A8E118D0050A5C4 /* Frameworks */,
				04A4D0512A8E118D0050A5C4 /* Resources */,
			);
			buildRules = (
			);
			dependencies = (
			);
			name = Graduation_Project;
			productName = Graduation_Project;
			productReference = 04A4D0532A8E118D0050A5C4 /* Graduation_Project.app */;
			productType = "com.apple.product-type.application";
		};
/* End PBXNativeTarget section */

/* Begin PBXProject section */
		04A4D04B2A8E118D0050A5C4 /* Project object */ = {
			isa = PBXProject;
			attributes = {
				BuildIndependentTargetsInParallel = 1;
				LastSwiftUpdateCheck = 1430;
				LastUpgradeCheck = 1430;
				TargetAttributes = {
					04A4D0522A8E118D0050A5C4 = {
						CreatedOnToolsVersion = 14.3.1;
					};
				};
			};
			buildConfigurationList = 04A4D04E2A8E118D0050A5C4 /* Build configuration list for PBXProject "Graduation_Project" */;
			compatibilityVersion = "Xcode 14.0";
			developmentRegion = en;
			hasScannedForEncodings = 0;
			knownRegions = (
				en,
				Base,
			);
			mainGroup = 04A4D04A2A8E118D0050A5C4;
			productRefGroup = 04A4D0542A8E118D0050A5C4 /* Products */;
			projectDirPath = "";
			projectRoot = "";
			targets = (
				04A4D0522A8E118D0050A5C4 /* Graduation_Project */,
			);
		};
/* End PBXProject section */

/* Begin PBXResourcesBuildPhase section */
		04A4D0512A8E118D0050A5C4 /* Resources */ = {
			isa = PBXResourcesBuildPhase;
			buildActionMask = 2147483647;
			files = (
				04A4D05E2A8E118F0050A5C4 /* Preview Assets.xcassets in Resources */,
				04A4D05B2A8E118F0050A5C4 /* Assets.xcassets in Resources */,
				04A4C97E2A95AD51000D7C8C /* Assets.xcassets in Resources */,
			);
			runOnlyForDeploymentPostprocessing = 0;
		};
/* End PBXResourcesBuildPhase section */

/* Begin PBXSourcesBuildPhase section */
		04A4D04F2A8E118D0050A5C4 /* Sources */ = {
			isa = PBXSourcesBuildPhase;
			buildActionMask = 2147483647;
			files = (
				5460834D2A96EF8F00926662 /* SideView.swift in Sources */,
				04A4C95C2A8E1EC9000D7C8C /* LoginView.swift in Sources */,
				0493EE572A97021700180221 /* SwiftUIView.swift in Sources */,
				04A4C9662A91AA6B000D7C8C /* ForgetPasswordView.swift in Sources */,
				04A4C9792A92F5EB000D7C8C /* View.swift in Sources */,
				04A4C9642A91AA44000D7C8C /* FavoriteView.swift in Sources */,
				04A4D0592A8E118D0050A5C4 /* ContentView.swift in Sources */,
				04A4C9752A91BBCB000D7C8C /* MyDataView.swift in Sources */,
				0493EE492A9349BD00180221 /* TagButton.swift in Sources */,
				04A4C9802A95AE80000D7C8C /* Color.swift in Sources */,
				0493EE6A2A972D8F00180221 /* HealthyView.swift in Sources */,
				0493EE502A95F91200180221 /* Information.swift in Sources */,
				04A4C9682A91AA88000D7C8C /* HomeView.swift in Sources */,
				0493EE682A972D5800180221 /* Healthy.swift in Sources */,
				04A4C9622A8F08CF000D7C8C /* SigninView.swift in Sources */,
				04A4D0572A8E118D0050A5C4 /* Graduation_ProjectApp.swift in Sources */,
				04A4C96A2A91AAAE000D7C8C /* MemberView.swift in Sources */,
				04A4C9862A95E6D2000D7C8C /* MemberButton.swift in Sources */,
			);
			runOnlyForDeploymentPostprocessing = 0;
		};
/* End PBXSourcesBuildPhase section */

/* Begin XCBuildConfiguration section */
		04A4D05F2A8E118F0050A5C4 /* Debug */ = {
			isa = XCBuildConfiguration;
			buildSettings = {
				ALWAYS_SEARCH_USER_PATHS = NO;
				CLANG_ANALYZER_NONNULL = YES;
				CLANG_ANALYZER_NUMBER_OBJECT_CONVERSION = YES_AGGRESSIVE;
				CLANG_CXX_LANGUAGE_STANDARD = "gnu++20";
				CLANG_ENABLE_MODULES = YES;
				CLANG_ENABLE_OBJC_ARC = YES;
				CLANG_ENABLE_OBJC_WEAK = YES;
				CLANG_WARN_BLOCK_CAPTURE_AUTORELEASING = YES;
				CLANG_WARN_BOOL_CONVERSION = YES;
				CLANG_WARN_COMMA = YES;
				CLANG_WARN_CONSTANT_CONVERSION = YES;
				CLANG_WARN_DEPRECATED_OBJC_IMPLEMENTATIONS = YES;
				CLANG_WARN_DIRECT_OBJC_ISA_USAGE = YES_ERROR;
				CLANG_WARN_DOCUMENTATION_COMMENTS = YES;
				CLANG_WARN_EMPTY_BODY = YES;
				CLANG_WARN_ENUM_CONVERSION = YES;
				CLANG_WARN_INFINITE_RECURSION = YES;
				CLANG_WARN_INT_CONVERSION = YES;
				CLANG_WARN_NON_LITERAL_NULL_CONVERSION = YES;
				CLANG_WARN_OBJC_IMPLICIT_RETAIN_SELF = YES;
				CLANG_WARN_OBJC_LITERAL_CONVERSION = YES;
				CLANG_WARN_OBJC_ROOT_CLASS = YES_ERROR;
				CLANG_WARN_QUOTED_INCLUDE_IN_FRAMEWORK_HEADER = YES;
				CLANG_WARN_RANGE_LOOP_ANALYSIS = YES;
				CLANG_WARN_STRICT_PROTOTYPES = YES;
				CLANG_WARN_SUSPICIOUS_MOVE = YES;
				CLANG_WARN_UNGUARDED_AVAILABILITY = YES_AGGRESSIVE;
				CLANG_WARN_UNREACHABLE_CODE = YES;
				CLANG_WARN__DUPLICATE_METHOD_MATCH = YES;
				COPY_PHASE_STRIP = NO;
				DEBUG_INFORMATION_FORMAT = dwarf;
				ENABLE_STRICT_OBJC_MSGSEND = YES;
				ENABLE_TESTABILITY = YES;
				GCC_C_LANGUAGE_STANDARD = gnu11;
				GCC_DYNAMIC_NO_PIC = NO;
				GCC_NO_COMMON_BLOCKS = YES;
				GCC_OPTIMIZATION_LEVEL = 0;
				GCC_PREPROCESSOR_DEFINITIONS = (
					"DEBUG=1",
					"$(inherited)",
				);
				GCC_WARN_64_TO_32_BIT_CONVERSION = YES;
				GCC_WARN_ABOUT_RETURN_TYPE = YES_ERROR;
				GCC_WARN_UNDECLARED_SELECTOR = YES;
				GCC_WARN_UNINITIALIZED_AUTOS = YES_AGGRESSIVE;
				GCC_WARN_UNUSED_FUNCTION = YES;
				GCC_WARN_UNUSED_VARIABLE = YES;
				IPHONEOS_DEPLOYMENT_TARGET = 16.4;
				MTL_ENABLE_DEBUG_INFO = INCLUDE_SOURCE;
				MTL_FAST_MATH = YES;
				ONLY_ACTIVE_ARCH = YES;
				SDKROOT = iphoneos;
				SWIFT_ACTIVE_COMPILATION_CONDITIONS = DEBUG;
				SWIFT_OPTIMIZATION_LEVEL = "-Onone";
			};
			name = Debug;
		};
		04A4D0602A8E118F0050A5C4 /* Release */ = {
			isa = XCBuildConfiguration;
			buildSettings = {
				ALWAYS_SEARCH_USER_PATHS = NO;
				CLANG_ANALYZER_NONNULL = YES;
				CLANG_ANALYZER_NUMBER_OBJECT_CONVERSION = YES_AGGRESSIVE;
				CLANG_CXX_LANGUAGE_STANDARD = "gnu++20";
				CLANG_ENABLE_MODULES = YES;
				CLANG_ENABLE_OBJC_ARC = YES;
				CLANG_ENABLE_OBJC_WEAK = YES;
				CLANG_WARN_BLOCK_CAPTURE_AUTORELEASING = YES;
				CLANG_WARN_BOOL_CONVERSION = YES;
				CLANG_WARN_COMMA = YES;
				CLANG_WARN_CONSTANT_CONVERSION = YES;
				CLANG_WARN_DEPRECATED_OBJC_IMPLEMENTATIONS = YES;
				CLANG_WARN_DIRECT_OBJC_ISA_USAGE = YES_ERROR;
				CLANG_WARN_DOCUMENTATION_COMMENTS = YES;
				CLANG_WARN_EMPTY_BODY = YES;
				CLANG_WARN_ENUM_CONVERSION = YES;
				CLANG_WARN_INFINITE_RECURSION = YES;
				CLANG_WARN_INT_CONVERSION = YES;
				CLANG_WARN_NON_LITERAL_NULL_CONVERSION = YES;
				CLANG_WARN_OBJC_IMPLICIT_RETAIN_SELF = YES;
				CLANG_WARN_OBJC_LITERAL_CONVERSION = YES;
				CLANG_WARN_OBJC_ROOT_CLASS = YES_ERROR;
				CLANG_WARN_QUOTED_INCLUDE_IN_FRAMEWORK_HEADER = YES;
				CLANG_WARN_RANGE_LOOP_ANALYSIS = YES;
				CLANG_WARN_STRICT_PROTOTYPES = YES;
				CLANG_WARN_SUSPICIOUS_MOVE = YES;
				CLANG_WARN_UNGUARDED_AVAILABILITY = YES_AGGRESSIVE;
				CLANG_WARN_UNREACHABLE_CODE = YES;
				CLANG_WARN__DUPLICATE_METHOD_MATCH = YES;
				COPY_PHASE_STRIP = NO;
				DEBUG_INFORMATION_FORMAT = "dwarf-with-dsym";
				ENABLE_NS_ASSERTIONS = NO;
				ENABLE_STRICT_OBJC_MSGSEND = YES;
				GCC_C_LANGUAGE_STANDARD = gnu11;
				GCC_NO_COMMON_BLOCKS = YES;
				GCC_WARN_64_TO_32_BIT_CONVERSION = YES;
				GCC_WARN_ABOUT_RETURN_TYPE = YES_ERROR;
				GCC_WARN_UNDECLARED_SELECTOR = YES;
				GCC_WARN_UNINITIALIZED_AUTOS = YES_AGGRESSIVE;
				GCC_WARN_UNUSED_FUNCTION = YES;
				GCC_WARN_UNUSED_VARIABLE = YES;
				IPHONEOS_DEPLOYMENT_TARGET = 16.4;
				MTL_ENABLE_DEBUG_INFO = NO;
				MTL_FAST_MATH = YES;
				SDKROOT = iphoneos;
				SWIFT_COMPILATION_MODE = wholemodule;
				SWIFT_OPTIMIZATION_LEVEL = "-O";
				VALIDATE_PRODUCT = YES;
			};
			name = Release;
		};
		04A4D0622A8E118F0050A5C4 /* Debug */ = {
			isa = XCBuildConfiguration;
			buildSettings = {
				ASSETCATALOG_COMPILER_APPICON_NAME = AppIcon;
				ASSETCATALOG_COMPILER_GLOBAL_ACCENT_COLOR_NAME = AccentColor;
				CODE_SIGN_STYLE = Automatic;
				CURRENT_PROJECT_VERSION = 1;
				DEVELOPMENT_ASSET_PATHS = "\"Graduation_Project/Preview Content\"";
				DEVELOPMENT_TEAM = WPR9PZZJ8R;
				ENABLE_PREVIEWS = YES;
				GENERATE_INFOPLIST_FILE = YES;
				INFOPLIST_KEY_UIApplicationSceneManifest_Generation = YES;
				INFOPLIST_KEY_UIApplicationSupportsIndirectInputEvents = YES;
				INFOPLIST_KEY_UILaunchScreen_Generation = YES;
				INFOPLIST_KEY_UISupportedInterfaceOrientations_iPad = "UIInterfaceOrientationPortrait UIInterfaceOrientationPortraitUpsideDown UIInterfaceOrientationLandscapeLeft UIInterfaceOrientationLandscapeRight";
				INFOPLIST_KEY_UISupportedInterfaceOrientations_iPhone = "UIInterfaceOrientationPortrait UIInterfaceOrientationLandscapeLeft UIInterfaceOrientationLandscapeRight";
				LD_RUNPATH_SEARCH_PATHS = (
					"$(inherited)",
					"@executable_path/Frameworks",
				);
				MARKETING_VERSION = 1.0;
				PRODUCT_BUNDLE_IDENTIFIER = "v.Graduation-Project";
				PRODUCT_NAME = "$(TARGET_NAME)";
				SWIFT_EMIT_LOC_STRINGS = YES;
				SWIFT_VERSION = 5.0;
				TARGETED_DEVICE_FAMILY = "1,2";
			};
			name = Debug;
		};
		04A4D0632A8E118F0050A5C4 /* Release */ = {
			isa = XCBuildConfiguration;
			buildSettings = {
				ASSETCATALOG_COMPILER_APPICON_NAME = AppIcon;
				ASSETCATALOG_COMPILER_GLOBAL_ACCENT_COLOR_NAME = AccentColor;
				CODE_SIGN_STYLE = Automatic;
				CURRENT_PROJECT_VERSION = 1;
				DEVELOPMENT_ASSET_PATHS = "\"Graduation_Project/Preview Content\"";
				DEVELOPMENT_TEAM = WPR9PZZJ8R;
				ENABLE_PREVIEWS = YES;
				GENERATE_INFOPLIST_FILE = YES;
				INFOPLIST_KEY_UIApplicationSceneManifest_Generation = YES;
				INFOPLIST_KEY_UIApplicationSupportsIndirectInputEvents = YES;
				INFOPLIST_KEY_UILaunchScreen_Generation = YES;
				INFOPLIST_KEY_UISupportedInterfaceOrientations_iPad = "UIInterfaceOrientationPortrait UIInterfaceOrientationPortraitUpsideDown UIInterfaceOrientationLandscapeLeft UIInterfaceOrientationLandscapeRight";
				INFOPLIST_KEY_UISupportedInterfaceOrientations_iPhone = "UIInterfaceOrientationPortrait UIInterfaceOrientationLandscapeLeft UIInterfaceOrientationLandscapeRight";
				LD_RUNPATH_SEARCH_PATHS = (
					"$(inherited)",
					"@executable_path/Frameworks",
				);
				MARKETING_VERSION = 1.0;
				PRODUCT_BUNDLE_IDENTIFIER = "v.Graduation-Project";
				PRODUCT_NAME = "$(TARGET_NAME)";
				SWIFT_EMIT_LOC_STRINGS = YES;
				SWIFT_VERSION = 5.0;
				TARGETED_DEVICE_FAMILY = "1,2";
			};
			name = Release;
		};
/* End XCBuildConfiguration section */

/* Begin XCConfigurationList section */
		04A4D04E2A8E118D0050A5C4 /* Build configuration list for PBXProject "Graduation_Project" */ = {
			isa = XCConfigurationList;
			buildConfigurations = (
				04A4D05F2A8E118F0050A5C4 /* Debug */,
				04A4D0602A8E118F0050A5C4 /* Release */,
			);
			defaultConfigurationIsVisible = 0;
			defaultConfigurationName = Release;
		};
		04A4D0612A8E118F0050A5C4 /* Build configuration list for PBXNativeTarget "Graduation_Project" */ = {
			isa = XCConfigurationList;
			buildConfigurations = (
				04A4D0622A8E118F0050A5C4 /* Debug */,
				04A4D0632A8E118F0050A5C4 /* Release */,
			);
			defaultConfigurationIsVisible = 0;
			defaultConfigurationName = Release;
		};
/* End XCConfigurationList section */
	};
	rootObject = 04A4D04B2A8E118D0050A5C4 /* Project object */;
}
